
Microsoft Visual Studio Solution File, Format Version 12.00
# Visual Studio Version 16
VisualStudioVersion = 16.0.29709.97
MinimumVisualStudioVersion = 10.0.40219.1
Project("{FAE04EC0-301F-11D3-BF4B-00C04F79EFBC}") = "Thi", "Thi\Thi.csproj", "{3615B15B-BDBD-4128-B14B-7DB23E8BBAC0}"
EndProject
Global
	GlobalSection(SolutionConfigurationPlatforms) = preSolution
		Debug|Any CPU = Debug|Any CPU
		Release|Any CPU = Release|Any CPU
	EndGlobalSection
	GlobalSection(ProjectConfigurationPlatforms) = postSolution
		{3615B15B-BDBD-4128-B14B-7DB23E8BBAC0}.Debug|Any CPU.ActiveCfg = Debug|Any CPU
		{3615B15B-BDBD-4128-B14B-7DB23E8BBAC0}.Debug|Any CPU.Build.0 = Debug|Any CPU
		{3615B15B-BDBD-4128-B14B-7DB23E8BBAC0}.Release|Any CPU.ActiveCfg = Release|Any CPU
		{3615B15B-BDBD-4128-B14B-7DB23E8BBAC0}.Release|Any CPU.Build.0 = Release|Any CPU
	EndGlobalSection
	GlobalSection(SolutionProperties) = preSolution
		HideSolutionNode = FALSE
	EndGlobalSection
	GlobalSection(ExtensibilityGlobals) = postSolution
		SolutionGuid = {132F977E-8739-47E1-8C24-15AC019EBF85}
	EndGlobalSection
EndGlobal
